
Microsoft Visual Studio Solution File, Format Version 12.00
# Visual Studio Version 17
VisualStudioVersion = 17.9.34723.18
MinimumVisualStudioVersion = 10.0.40219.1
Project("{FAE04EC0-301F-11D3-BF4B-00C04F79EFBC}") = "ksis3chat", "ksis3chat\ksis3chat.csproj", "{7EF8C2C1-BA49-4FC6-9817-B1FDB7859DD1}"
EndProject
Global
	GlobalSection(SolutionConfigurationPlatforms) = preSolution
		Debug|Any CPU = Debug|Any CPU
		Release|Any CPU = Release|Any CPU
	EndGlobalSection
	GlobalSection(ProjectConfigurationPlatforms) = postSolution
		{7EF8C2C1-BA49-4FC6-9817-B1FDB7859DD1}.Debug|Any CPU.ActiveCfg = Debug|Any CPU
		{7EF8C2C1-BA49-4FC6-9817-B1FDB7859DD1}.Debug|Any CPU.Build.0 = Debug|Any CPU
		{7EF8C2C1-BA49-4FC6-9817-B1FDB7859DD1}.Release|Any CPU.ActiveCfg = Release|Any CPU
		{7EF8C2C1-BA49-4FC6-9817-B1FDB7859DD1}.Release|Any CPU.Build.0 = Release|Any CPU
	EndGlobalSection
	GlobalSection(SolutionProperties) = preSolution
		HideSolutionNode = FALSE
	EndGlobalSection
	GlobalSection(ExtensibilityGlobals) = postSolution
		SolutionGuid = {7305A14C-9808-423D-8903-0C254D9D6B76}
	EndGlobalSection
EndGlobal
